
Microsoft Visual Studio Solution File, Format Version 12.00
# Visual Studio Version 16
VisualStudioVersion = 16.0.30225.117
MinimumVisualStudioVersion = 10.0.40219.1
Project("{FAE04EC0-301F-11D3-BF4B-00C04F79EFBC}") = "SearchWordBox", "SearchWordBox\SearchWordBox.csproj", "{3AA1FCD9-44A7-4889-AA0C-A2ED6CB6A122}"
EndProject
Global
	GlobalSection(SolutionConfigurationPlatforms) = preSolution
		Debug|Any CPU = Debug|Any CPU
		Release|Any CPU = Release|Any CPU
	EndGlobalSection
	GlobalSection(ProjectConfigurationPlatforms) = postSolution
		{3AA1FCD9-44A7-4889-AA0C-A2ED6CB6A122}.Debug|Any CPU.ActiveCfg = Debug|Any CPU
		{3AA1FCD9-44A7-4889-AA0C-A2ED6CB6A122}.Debug|Any CPU.Build.0 = Debug|Any CPU
		{3AA1FCD9-44A7-4889-AA0C-A2ED6CB6A122}.Release|Any CPU.ActiveCfg = Release|Any CPU
		{3AA1FCD9-44A7-4889-AA0C-A2ED6CB6A122}.Release|Any CPU.Build.0 = Release|Any CPU
	EndGlobalSection
	GlobalSection(SolutionProperties) = preSolution
		HideSolutionNode = FALSE
	EndGlobalSection
	GlobalSection(ExtensibilityGlobals) = postSolution
		SolutionGuid = {B8491249-F0C9-49DC-84E0-635FA3786180}
	EndGlobalSection
EndGlobal
